{
  "requires": true,
  "lockfileVersion": 1,
  "dependencies": {
    "include-media": {
      "version": "1.4.10",
      "resolved": "https://registry.npmjs.org/include-media/-/include-media-1.4.10.tgz",
      "integrity": "sha512-TymQzKF7oWHbItEcEHOCponZ90lRr1I9QbYeD+qCxXy4Z0/pSpS4Ocz2bq3FMOERlXXrY9Sawsh9GjiObVQA6A=="
    }
  }
}
